
Microsoft Visual Studio Solution File, Format Version 12.00
# Visual Studio Version 17
VisualStudioVersion = 17.6.33801.468
MinimumVisualStudioVersion = 10.0.40219.1
Project("{9A19103F-16F7-4668-BE54-9A1E7A4F7556}") = "CarSharing.Web", "CarSharing.Web\CarSharing.Web.csproj", "{2DB05208-4BF2-4171-A869-834E83B5DD38}"
EndProject
Project("{2150E333-8FDC-42A3-9474-1A3956D46DE8}") = "Data", "Data", "{F35CC579-CFA7-4586-A1D0-4BB556CD617E}"
EndProject
Project("{2150E333-8FDC-42A3-9474-1A3956D46DE8}") = "Web", "Web", "{921A02EA-7B46-44C3-BFAE-A2234C70CA61}"
EndProject
Project("{9A19103F-16F7-4668-BE54-9A1E7A4F7556}") = "CarSharing.Data", "CarSharing.Data\CarSharing.Data.csproj", "{860B6118-18D1-437B-92E1-115891DFACB7}"
EndProject
Project("{2150E333-8FDC-42A3-9474-1A3956D46DE8}") = "Services", "Services", "{96C3BCE2-F6E7-416A-9B9B-84CA9C815A8D}"
EndProject
Project("{9A19103F-16F7-4668-BE54-9A1E7A4F7556}") = "CarSharing.Services.Data", "CarSharing.Services.Data\CarSharing.Services.Data.csproj", "{E8EF6BDE-9E0A-48B2-9B11-046BA1879D70}"
EndProject
Project("{9A19103F-16F7-4668-BE54-9A1E7A4F7556}") = "CarSharing.Services.Mapping", "CarSharing.Services.Mapping\CarSharing.Services.Mapping.csproj", "{4B297D89-A2CD-4FB8-A4AA-69A16B69ABBD}"
EndProject
Project("{9A19103F-16F7-4668-BE54-9A1E7A4F7556}") = "CarSharing.Web.Infrastructure", "CarSharing.Web.Infrastructure\CarSharing.Web.Infrastructure.csproj", "{E29AA3A5-F173-4014-9E71-CECF6CFAF88D}"
EndProject
Project("{2150E333-8FDC-42A3-9474-1A3956D46DE8}") = "Common", "Common", "{8B6CCC40-6D1C-4992-A4A9-EA3D61E0E82F}"
EndProject
Project("{9A19103F-16F7-4668-BE54-9A1E7A4F7556}") = "CarSharing.Common", "CarSharing.Common\CarSharing.Common.csproj", "{16C0DED2-5A37-4FD3-ADB3-6355A5444C57}"
EndProject
Project("{9A19103F-16F7-4668-BE54-9A1E7A4F7556}") = "CarSharing.Data.Models", "CarSharing.Data.Models\CarSharing.Data.Models.csproj", "{4705A60A-E497-4646-8F14-49F313D43F0A}"
EndProject
Project("{9A19103F-16F7-4668-BE54-9A1E7A4F7556}") = "CarSharing.Services.Data.Models", "CarSharing.Services.Data.Models\CarSharing.Services.Data.Models.csproj", "{BE96F449-DD9D-4AEC-9820-14294E01A2D4}"
EndProject
Project("{9A19103F-16F7-4668-BE54-9A1E7A4F7556}") = "CarSharing.Web.ViewModels", "CarSharing.Web.ViewModels\CarSharing.Web.ViewModels.csproj", "{35373DEC-7EE9-4FD8-B809-EB8D5A364F15}"
EndProject
Project("{2150E333-8FDC-42A3-9474-1A3956D46DE8}") = "Tools", "Tools", "{5C281ECD-812A-450F-B938-079D09813665}"
EndProject
Project("{9A19103F-16F7-4668-BE54-9A1E7A4F7556}") = "ToolsLibrary", "ToolsLibrary\ToolsLibrary.csproj", "{E9839B11-0D46-44C1-B00E-5C9DA8700C02}"
EndProject
Project("{2150E333-8FDC-42A3-9474-1A3956D46DE8}") = "Selenium", "Selenium", "{B84ED3C7-F8F1-4330-AE2A-E28B219F56E4}"
EndProject
Project("{9A19103F-16F7-4668-BE54-9A1E7A4F7556}") = "BrowserBots", "BrowserBot\BrowserBots.csproj", "{27C616C0-3004-4F3D-BC73-EC28F25702D4}"
EndProject
Project("{2150E333-8FDC-42A3-9474-1A3956D46DE8}") = "Js", "Js", "{2D7DC405-3950-4278-9226-BA605F8FE77E}"
EndProject
Project("{54A90642-561A-4BB1-A94E-469ADEE60C69}") = "JsTesting", "JsTesting\JsTesting.esproj", "{04765618-9AB4-4495-994D-5659A9393517}"
EndProject
Global
	GlobalSection(SolutionConfigurationPlatforms) = preSolution
		Debug|Any CPU = Debug|Any CPU
		Release|Any CPU = Release|Any CPU
	EndGlobalSection
	GlobalSection(ProjectConfigurationPlatforms) = postSolution
		{2DB05208-4BF2-4171-A869-834E83B5DD38}.Debug|Any CPU.ActiveCfg = Debug|Any CPU
		{2DB05208-4BF2-4171-A869-834E83B5DD38}.Debug|Any CPU.Build.0 = Debug|Any CPU
		{2DB05208-4BF2-4171-A869-834E83B5DD38}.Release|Any CPU.ActiveCfg = Release|Any CPU
		{2DB05208-4BF2-4171-A869-834E83B5DD38}.Release|Any CPU.Build.0 = Release|Any CPU
		{860B6118-18D1-437B-92E1-115891DFACB7}.Debug|Any CPU.ActiveCfg = Debug|Any CPU
		{860B6118-18D1-437B-92E1-115891DFACB7}.Debug|Any CPU.Build.0 = Debug|Any CPU
		{860B6118-18D1-437B-92E1-115891DFACB7}.Release|Any CPU.ActiveCfg = Release|Any CPU
		{860B6118-18D1-437B-92E1-115891DFACB7}.Release|Any CPU.Build.0 = Release|Any CPU
		{E8EF6BDE-9E0A-48B2-9B11-046BA1879D70}.Debug|Any CPU.ActiveCfg = Debug|Any CPU
		{E8EF6BDE-9E0A-48B2-9B11-046BA1879D70}.Debug|Any CPU.Build.0 = Debug|Any CPU
		{E8EF6BDE-9E0A-48B2-9B11-046BA1879D70}.Release|Any CPU.ActiveCfg = Release|Any CPU
		{E8EF6BDE-9E0A-48B2-9B11-046BA1879D70}.Release|Any CPU.Build.0 = Release|Any CPU
		{4B297D89-A2CD-4FB8-A4AA-69A16B69ABBD}.Debug|Any CPU.ActiveCfg = Debug|Any CPU
		{4B297D89-A2CD-4FB8-A4AA-69A16B69ABBD}.Debug|Any CPU.Build.0 = Debug|Any CPU
		{4B297D89-A2CD-4FB8-A4AA-69A16B69ABBD}.Release|Any CPU.ActiveCfg = Release|Any CPU
		{4B297D89-A2CD-4FB8-A4AA-69A16B69ABBD}.Release|Any CPU.Build.0 = Release|Any CPU
		{E29AA3A5-F173-4014-9E71-CECF6CFAF88D}.Debug|Any CPU.ActiveCfg = Debug|Any CPU
		{E29AA3A5-F173-4014-9E71-CECF6CFAF88D}.Debug|Any CPU.Build.0 = Debug|Any CPU
		{E29AA3A5-F173-4014-9E71-CECF6CFAF88D}.Release|Any CPU.ActiveCfg = Release|Any CPU
		{E29AA3A5-F173-4014-9E71-CECF6CFAF88D}.Release|Any CPU.Build.0 = Release|Any CPU
		{16C0DED2-5A37-4FD3-ADB3-6355A5444C57}.Debug|Any CPU.ActiveCfg = Debug|Any CPU
		{16C0DED2-5A37-4FD3-ADB3-6355A5444C57}.Debug|Any CPU.Build.0 = Debug|Any CPU
		{16C0DED2-5A37-4FD3-ADB3-6355A5444C57}.Release|Any CPU.ActiveCfg = Release|Any CPU
		{16C0DED2-5A37-4FD3-ADB3-6355A5444C57}.Release|Any CPU.Build.0 = Release|Any CPU
		{4705A60A-E497-4646-8F14-49F313D43F0A}.Debug|Any CPU.ActiveCfg = Debug|Any CPU
		{4705A60A-E497-4646-8F14-49F313D43F0A}.Debug|Any CPU.Build.0 = Debug|Any CPU
		{4705A60A-E497-4646-8F14-49F313D43F0A}.Release|Any CPU.ActiveCfg = Release|Any CPU
		{4705A60A-E497-4646-8F14-49F313D43F0A}.Release|Any CPU.Build.0 = Release|Any CPU
		{BE96F449-DD9D-4AEC-9820-14294E01A2D4}.Debug|Any CPU.ActiveCfg = Debug|Any CPU
		{BE96F449-DD9D-4AEC-9820-14294E01A2D4}.Debug|Any CPU.Build.0 = Debug|Any CPU
		{BE96F449-DD9D-4AEC-9820-14294E01A2D4}.Release|Any CPU.ActiveCfg = Release|Any CPU
		{BE96F449-DD9D-4AEC-9820-14294E01A2D4}.Release|Any CPU.Build.0 = Release|Any CPU
		{35373DEC-7EE9-4FD8-B809-EB8D5A364F15}.Debug|Any CPU.ActiveCfg = Debug|Any CPU
		{35373DEC-7EE9-4FD8-B809-EB8D5A364F15}.Debug|Any CPU.Build.0 = Debug|Any CPU
		{35373DEC-7EE9-4FD8-B809-EB8D5A364F15}.Release|Any CPU.ActiveCfg = Release|Any CPU
		{35373DEC-7EE9-4FD8-B809-EB8D5A364F15}.Release|Any CPU.Build.0 = Release|Any CPU
		{E9839B11-0D46-44C1-B00E-5C9DA8700C02}.Debug|Any CPU.ActiveCfg = Debug|Any CPU
		{E9839B11-0D46-44C1-B00E-5C9DA8700C02}.Debug|Any CPU.Build.0 = Debug|Any CPU
		{E9839B11-0D46-44C1-B00E-5C9DA8700C02}.Release|Any CPU.ActiveCfg = Release|Any CPU
		{E9839B11-0D46-44C1-B00E-5C9DA8700C02}.Release|Any CPU.Build.0 = Release|Any CPU
		{27C616C0-3004-4F3D-BC73-EC28F25702D4}.Debug|Any CPU.ActiveCfg = Debug|Any CPU
		{27C616C0-3004-4F3D-BC73-EC28F25702D4}.Debug|Any CPU.Build.0 = Debug|Any CPU
		{27C616C0-3004-4F3D-BC73-EC28F25702D4}.Release|Any CPU.ActiveCfg = Release|Any CPU
		{27C616C0-3004-4F3D-BC73-EC28F25702D4}.Release|Any CPU.Build.0 = Release|Any CPU
		{04765618-9AB4-4495-994D-5659A9393517}.Debug|Any CPU.ActiveCfg = Debug|Any CPU
		{04765618-9AB4-4495-994D-5659A9393517}.Debug|Any CPU.Build.0 = Debug|Any CPU
		{04765618-9AB4-4495-994D-5659A9393517}.Debug|Any CPU.Deploy.0 = Debug|Any CPU
		{04765618-9AB4-4495-994D-5659A9393517}.Release|Any CPU.ActiveCfg = Release|Any CPU
		{04765618-9AB4-4495-994D-5659A9393517}.Release|Any CPU.Build.0 = Release|Any CPU
		{04765618-9AB4-4495-994D-5659A9393517}.Release|Any CPU.Deploy.0 = Release|Any CPU
	EndGlobalSection
	GlobalSection(SolutionProperties) = preSolution
		HideSolutionNode = FALSE
	EndGlobalSection
	GlobalSection(NestedProjects) = preSolution
		{2DB05208-4BF2-4171-A869-834E83B5DD38} = {921A02EA-7B46-44C3-BFAE-A2234C70CA61}
		{860B6118-18D1-437B-92E1-115891DFACB7} = {F35CC579-CFA7-4586-A1D0-4BB556CD617E}
		{E8EF6BDE-9E0A-48B2-9B11-046BA1879D70} = {96C3BCE2-F6E7-416A-9B9B-84CA9C815A8D}
		{4B297D89-A2CD-4FB8-A4AA-69A16B69ABBD} = {96C3BCE2-F6E7-416A-9B9B-84CA9C815A8D}
		{E29AA3A5-F173-4014-9E71-CECF6CFAF88D} = {921A02EA-7B46-44C3-BFAE-A2234C70CA61}
		{16C0DED2-5A37-4FD3-ADB3-6355A5444C57} = {8B6CCC40-6D1C-4992-A4A9-EA3D61E0E82F}
		{4705A60A-E497-4646-8F14-49F313D43F0A} = {F35CC579-CFA7-4586-A1D0-4BB556CD617E}
		{BE96F449-DD9D-4AEC-9820-14294E01A2D4} = {96C3BCE2-F6E7-416A-9B9B-84CA9C815A8D}
		{35373DEC-7EE9-4FD8-B809-EB8D5A364F15} = {921A02EA-7B46-44C3-BFAE-A2234C70CA61}
		{5C281ECD-812A-450F-B938-079D09813665} = {8B6CCC40-6D1C-4992-A4A9-EA3D61E0E82F}
		{E9839B11-0D46-44C1-B00E-5C9DA8700C02} = {5C281ECD-812A-450F-B938-079D09813665}
		{27C616C0-3004-4F3D-BC73-EC28F25702D4} = {B84ED3C7-F8F1-4330-AE2A-E28B219F56E4}
		{04765618-9AB4-4495-994D-5659A9393517} = {2D7DC405-3950-4278-9226-BA605F8FE77E}
	EndGlobalSection
	GlobalSection(ExtensibilityGlobals) = postSolution
		SolutionGuid = {3A53FE62-4228-4AA2-8B28-1D0014DA71AB}
	EndGlobalSection
EndGlobal
