
Microsoft Visual Studio Solution File, Format Version 12.00
# Visual Studio Version 17
VisualStudioVersion = 17.6.33801.468
MinimumVisualStudioVersion = 10.0.40219.1
Project("{FAE04EC0-301F-11D3-BF4B-00C04F79EFBC}") = "CarSharing.Web", "CarSharing.Web\CarSharing.Web.csproj", "{2DB05208-4BF2-4171-A869-834E83B5DD38}"
EndProject
Global
	GlobalSection(SolutionConfigurationPlatforms) = preSolution
		Debug|Any CPU = Debug|Any CPU
		Release|Any CPU = Release|Any CPU
	EndGlobalSection
	GlobalSection(ProjectConfigurationPlatforms) = postSolution
		{2DB05208-4BF2-4171-A869-834E83B5DD38}.Debug|Any CPU.ActiveCfg = Debug|Any CPU
		{2DB05208-4BF2-4171-A869-834E83B5DD38}.Debug|Any CPU.Build.0 = Debug|Any CPU
		{2DB05208-4BF2-4171-A869-834E83B5DD38}.Release|Any CPU.ActiveCfg = Release|Any CPU
		{2DB05208-4BF2-4171-A869-834E83B5DD38}.Release|Any CPU.Build.0 = Release|Any CPU
	EndGlobalSection
	GlobalSection(SolutionProperties) = preSolution
		HideSolutionNode = FALSE
	EndGlobalSection
	GlobalSection(ExtensibilityGlobals) = postSolution
		SolutionGuid = {3A53FE62-4228-4AA2-8B28-1D0014DA71AB}
	EndGlobalSection
EndGlobal
